// !$*UTF8*$!
{
	archiveVersion = 1;
	classes = {
	};
	objectVersion = 56;
	objects = {

/* Begin PBXBuildFile section */
		A41ADBC8297875B900EBB2E9 /* DetailsModel.swift in Sources */ = {isa = PBXBuildFile; fileRef = A41ADBC7297875B900EBB2E9 /* DetailsModel.swift */; };
		A41ADBCA297875CE00EBB2E9 /* DetailsViewController.swift in Sources */ = {isa = PBXBuildFile; fileRef = A41ADBC9297875CE00EBB2E9 /* DetailsViewController.swift */; };
		A41ADBCC297875FE00EBB2E9 /* DetailsViewModel.swift in Sources */ = {isa = PBXBuildFile; fileRef = A41ADBCB297875FE00EBB2E9 /* DetailsViewModel.swift */; };
		A41ADBCE2978A15200EBB2E9 /* AppExtensions.swift in Sources */ = {isa = PBXBuildFile; fileRef = A41ADBCD2978A15200EBB2E9 /* AppExtensions.swift */; };
		A481A326297728E1002EF086 /* Kingfisher in Frameworks */ = {isa = PBXBuildFile; productRef = A481A325297728E1002EF086 /* Kingfisher */; };
		A4C0FB72297416E200B563BE /* AppDelegate.swift in Sources */ = {isa = PBXBuildFile; fileRef = A4C0FB71297416E200B563BE /* AppDelegate.swift */; };
		A4C0FB74297416E200B563BE /* SceneDelegate.swift in Sources */ = {isa = PBXBuildFile; fileRef = A4C0FB73297416E200B563BE /* SceneDelegate.swift */; };
		A4C0FB79297416E200B563BE /* Main.storyboard in Resources */ = {isa = PBXBuildFile; fileRef = A4C0FB77297416E200B563BE /* Main.storyboard */; };
		A4C0FB7C297416E200B563BE /* ployz.xcdatamodeld in Sources */ = {isa = PBXBuildFile; fileRef = A4C0FB7A297416E200B563BE /* ployz.xcdatamodeld */; };
		A4C0FB7E297416E300B563BE /* Assets.xcassets in Resources */ = {isa = PBXBuildFile; fileRef = A4C0FB7D297416E300B563BE /* Assets.xcassets */; };
		A4C0FB81297416E300B563BE /* LaunchScreen.storyboard in Resources */ = {isa = PBXBuildFile; fileRef = A4C0FB7F297416E300B563BE /* LaunchScreen.storyboard */; };
		A4C0FB902974356A00B563BE /* HomepageModel.swift in Sources */ = {isa = PBXBuildFile; fileRef = A4C0FB8F2974356A00B563BE /* HomepageModel.swift */; };
		A4C0FB92297435BD00B563BE /* HomepageViewController.swift in Sources */ = {isa = PBXBuildFile; fileRef = A4C0FB91297435BD00B563BE /* HomepageViewController.swift */; };
		A4C0FB94297435CB00B563BE /* HomepageViewModel.swift in Sources */ = {isa = PBXBuildFile; fileRef = A4C0FB93297435CB00B563BE /* HomepageViewModel.swift */; };
		A4C0FB9A2974395100B563BE /* FavoritesModel.swift in Sources */ = {isa = PBXBuildFile; fileRef = A4C0FB992974395100B563BE /* FavoritesModel.swift */; };
		A4C0FB9C297439D300B563BE /* FavoritesView.swift in Sources */ = {isa = PBXBuildFile; fileRef = A4C0FB9B297439D200B563BE /* FavoritesView.swift */; };
		A4C0FB9E297439EF00B563BE /* FavoritesViewModel.swift in Sources */ = {isa = PBXBuildFile; fileRef = A4C0FB9D297439EF00B563BE /* FavoritesViewModel.swift */; };
		A4C0FBA029747E7B00B563BE /* NetworkManager.swift in Sources */ = {isa = PBXBuildFile; fileRef = A4C0FB9F29747E7B00B563BE /* NetworkManager.swift */; };
		A4C0FBAA2974905700B563BE /* Alamofire in Frameworks */ = {isa = PBXBuildFile; productRef = A4C0FBA92974905700B563BE /* Alamofire */; };
		A4C0FBAC297496FD00B563BE /* GamesTableViewCell.swift in Sources */ = {isa = PBXBuildFile; fileRef = A4C0FBAB297496FD00B563BE /* GamesTableViewCell.swift */; };
		A4C0FBAE2974A16D00B563BE /* GamesTableViewCell.xib in Resources */ = {isa = PBXBuildFile; fileRef = A4C0FBAD2974A16D00B563BE /* GamesTableViewCell.xib */; };
/* End PBXBuildFile section */

/* Begin PBXFileReference section */
		A41ADBC7297875B900EBB2E9 /* DetailsModel.swift */ = {isa = PBXFileReference; lastKnownFileType = sourcecode.swift; path = DetailsModel.swift; sourceTree = "<group>"; };
		A41ADBC9297875CE00EBB2E9 /* DetailsViewController.swift */ = {isa = PBXFileReference; lastKnownFileType = sourcecode.swift; path = DetailsViewController.swift; sourceTree = "<group>"; };
		A41ADBCB297875FE00EBB2E9 /* DetailsViewModel.swift */ = {isa = PBXFileReference; lastKnownFileType = sourcecode.swift; path = DetailsViewModel.swift; sourceTree = "<group>"; };
		A41ADBCD2978A15200EBB2E9 /* AppExtensions.swift */ = {isa = PBXFileReference; lastKnownFileType = sourcecode.swift; path = AppExtensions.swift; sourceTree = "<group>"; };
		A4C0FB6E297416E200B563BE /* ployz.app */ = {isa = PBXFileReference; explicitFileType = wrapper.application; includeInIndex = 0; path = ployz.app; sourceTree = BUILT_PRODUCTS_DIR; };
		A4C0FB71297416E200B563BE /* AppDelegate.swift */ = {isa = PBXFileReference; lastKnownFileType = sourcecode.swift; path = AppDelegate.swift; sourceTree = "<group>"; };
		A4C0FB73297416E200B563BE /* SceneDelegate.swift */ = {isa = PBXFileReference; lastKnownFileType = sourcecode.swift; path = SceneDelegate.swift; sourceTree = "<group>"; };
		A4C0FB78297416E200B563BE /* Base */ = {isa = PBXFileReference; lastKnownFileType = file.storyboard; name = Base; path = Base.lproj/Main.storyboard; sourceTree = "<group>"; };
		A4C0FB7B297416E200B563BE /* ployz.xcdatamodel */ = {isa = PBXFileReference; lastKnownFileType = wrapper.xcdatamodel; path = ployz.xcdatamodel; sourceTree = "<group>"; };
		A4C0FB7D297416E300B563BE /* Assets.xcassets */ = {isa = PBXFileReference; lastKnownFileType = folder.assetcatalog; path = Assets.xcassets; sourceTree = "<group>"; };
		A4C0FB80297416E300B563BE /* Base */ = {isa = PBXFileReference; lastKnownFileType = file.storyboard; name = Base; path = Base.lproj/LaunchScreen.storyboard; sourceTree = "<group>"; };
		A4C0FB82297416E300B563BE /* Info.plist */ = {isa = PBXFileReference; lastKnownFileType = text.plist.xml; path = Info.plist; sourceTree = "<group>"; };
		A4C0FB8F2974356A00B563BE /* HomepageModel.swift */ = {isa = PBXFileReference; lastKnownFileType = sourcecode.swift; path = HomepageModel.swift; sourceTree = "<group>"; };
		A4C0FB91297435BD00B563BE /* HomepageViewController.swift */ = {isa = PBXFileReference; lastKnownFileType = sourcecode.swift; path = HomepageViewController.swift; sourceTree = "<group>"; };
		A4C0FB93297435CB00B563BE /* HomepageViewModel.swift */ = {isa = PBXFileReference; lastKnownFileType = sourcecode.swift; path = HomepageViewModel.swift; sourceTree = "<group>"; };
		A4C0FB992974395100B563BE /* FavoritesModel.swift */ = {isa = PBXFileReference; lastKnownFileType = sourcecode.swift; path = FavoritesModel.swift; sourceTree = "<group>"; };
		A4C0FB9B297439D200B563BE /* FavoritesView.swift */ = {isa = PBXFileReference; lastKnownFileType = sourcecode.swift; path = FavoritesView.swift; sourceTree = "<group>"; };
		A4C0FB9D297439EF00B563BE /* FavoritesViewModel.swift */ = {isa = PBXFileReference; lastKnownFileType = sourcecode.swift; path = FavoritesViewModel.swift; sourceTree = "<group>"; };
		A4C0FB9F29747E7B00B563BE /* NetworkManager.swift */ = {isa = PBXFileReference; lastKnownFileType = sourcecode.swift; path = NetworkManager.swift; sourceTree = "<group>"; };
		A4C0FBAB297496FD00B563BE /* GamesTableViewCell.swift */ = {isa = PBXFileReference; lastKnownFileType = sourcecode.swift; path = GamesTableViewCell.swift; sourceTree = "<group>"; };
		A4C0FBAD2974A16D00B563BE /* GamesTableViewCell.xib */ = {isa = PBXFileReference; lastKnownFileType = file.xib; path = GamesTableViewCell.xib; sourceTree = "<group>"; };
/* End PBXFileReference section */

/* Begin PBXFrameworksBuildPhase section */
		A4C0FB6B297416E200B563BE /* Frameworks */ = {
			isa = PBXFrameworksBuildPhase;
			buildActionMask = 2147483647;
			files = (
				A481A326297728E1002EF086 /* Kingfisher in Frameworks */,
				A4C0FBAA2974905700B563BE /* Alamofire in Frameworks */,
			);
			runOnlyForDeploymentPostprocessing = 0;
		};
/* End PBXFrameworksBuildPhase section */

/* Begin PBXGroup section */
		A41ADBC32978756400EBB2E9 /* Details */ = {
			isa = PBXGroup;
			children = (
				A41ADBC6297875A600EBB2E9 /* Model */,
				A41ADBC52978759A00EBB2E9 /* View */,
				A41ADBC42978759300EBB2E9 /* ViewModel */,
			);
			path = Details;
			sourceTree = "<group>";
		};
		A41ADBC42978759300EBB2E9 /* ViewModel */ = {
			isa = PBXGroup;
			children = (
				A41ADBCB297875FE00EBB2E9 /* DetailsViewModel.swift */,
			);
			path = ViewModel;
			sourceTree = "<group>";
		};
		A41ADBC52978759A00EBB2E9 /* View */ = {
			isa = PBXGroup;
			children = (
				A41ADBC9297875CE00EBB2E9 /* DetailsViewController.swift */,
			);
			path = View;
			sourceTree = "<group>";
		};
		A41ADBC6297875A600EBB2E9 /* Model */ = {
			isa = PBXGroup;
			children = (
				A41ADBC7297875B900EBB2E9 /* DetailsModel.swift */,
			);
			path = Model;
			sourceTree = "<group>";
		};
		A4C0FB65297416E100B563BE = {
			isa = PBXGroup;
			children = (
				A4C0FB70297416E200B563BE /* ployz */,
				A4C0FB6F297416E200B563BE /* Products */,
			);
			sourceTree = "<group>";
		};
		A4C0FB6F297416E200B563BE /* Products */ = {
			isa = PBXGroup;
			children = (
				A4C0FB6E297416E200B563BE /* ployz.app */,
			);
			name = Products;
			sourceTree = "<group>";
		};
		A4C0FB70297416E200B563BE /* ployz */ = {
			isa = PBXGroup;
			children = (
				A4C0FB8A297433FD00B563BE /* Scene */,
				A4C0FB89297433F500B563BE /* Supporting Files */,
				A4C0FB88297433CD00B563BE /* App */,
				A4C0FB82297416E300B563BE /* Info.plist */,
				A4C0FB7A297416E200B563BE /* ployz.xcdatamodeld */,
			);
			path = ployz;
			sourceTree = "<group>";
		};
		A4C0FB88297433CD00B563BE /* App */ = {
			isa = PBXGroup;
			children = (
				A4C0FB9F29747E7B00B563BE /* NetworkManager.swift */,
				A41ADBCD2978A15200EBB2E9 /* AppExtensions.swift */,
			);
			path = App;
			sourceTree = "<group>";
		};
		A4C0FB89297433F500B563BE /* Supporting Files */ = {
			isa = PBXGroup;
			children = (
				A4C0FB71297416E200B563BE /* AppDelegate.swift */,
				A4C0FB73297416E200B563BE /* SceneDelegate.swift */,
				A4C0FB77297416E200B563BE /* Main.storyboard */,
				A4C0FB7F297416E300B563BE /* LaunchScreen.storyboard */,
				A4C0FB7D297416E300B563BE /* Assets.xcassets */,
			);
			path = "Supporting Files";
			sourceTree = "<group>";
		};
		A4C0FB8A297433FD00B563BE /* Scene */ = {
			isa = PBXGroup;
			children = (
				A4C0FB8B2974344500B563BE /* Homepage */,
				A41ADBC32978756400EBB2E9 /* Details */,
				A4C0FB952974369A00B563BE /* Favorites */,
			);
			path = Scene;
			sourceTree = "<group>";
		};
		A4C0FB8B2974344500B563BE /* Homepage */ = {
			isa = PBXGroup;
			children = (
				A4C0FB8C297434B600B563BE /* Model */,
				A4C0FB8D297434D300B563BE /* View */,
				A4C0FB8E297434E300B563BE /* ViewModel */,
			);
			path = Homepage;
			sourceTree = "<group>";
		};
		A4C0FB8C297434B600B563BE /* Model */ = {
			isa = PBXGroup;
			children = (
				A4C0FB8F2974356A00B563BE /* HomepageModel.swift */,
			);
			path = Model;
			sourceTree = "<group>";
		};
		A4C0FB8D297434D300B563BE /* View */ = {
			isa = PBXGroup;
			children = (
				A4C0FB91297435BD00B563BE /* HomepageViewController.swift */,
				A4C0FBAB297496FD00B563BE /* GamesTableViewCell.swift */,
				A4C0FBAD2974A16D00B563BE /* GamesTableViewCell.xib */,
			);
			path = View;
			sourceTree = "<group>";
		};
		A4C0FB8E297434E300B563BE /* ViewModel */ = {
			isa = PBXGroup;
			children = (
				A4C0FB93297435CB00B563BE /* HomepageViewModel.swift */,
			);
			path = ViewModel;
			sourceTree = "<group>";
		};
		A4C0FB952974369A00B563BE /* Favorites */ = {
			isa = PBXGroup;
			children = (
				A4C0FB98297436C000B563BE /* Model */,
				A4C0FB97297436B900B563BE /* View */,
				A4C0FB96297436B300B563BE /* ViewModel */,
			);
			path = Favorites;
			sourceTree = "<group>";
		};
		A4C0FB96297436B300B563BE /* ViewModel */ = {
			isa = PBXGroup;
			children = (
				A4C0FB9D297439EF00B563BE /* FavoritesViewModel.swift */,
			);
			path = ViewModel;
			sourceTree = "<group>";
		};
		A4C0FB97297436B900B563BE /* View */ = {
			isa = PBXGroup;
			children = (
				A4C0FB9B297439D200B563BE /* FavoritesView.swift */,
			);
			path = View;
			sourceTree = "<group>";
		};
		A4C0FB98297436C000B563BE /* Model */ = {
			isa = PBXGroup;
			children = (
				A4C0FB992974395100B563BE /* FavoritesModel.swift */,
			);
			path = Model;
			sourceTree = "<group>";
		};
/* End PBXGroup section */

/* Begin PBXNativeTarget section */
		A4C0FB6D297416E200B563BE /* ployz */ = {
			isa = PBXNativeTarget;
			buildConfigurationList = A4C0FB85297416E300B563BE /* Build configuration list for PBXNativeTarget "ployz" */;
			buildPhases = (
				A4C0FB6A297416E200B563BE /* Sources */,
				A4C0FB6B297416E200B563BE /* Frameworks */,
				A4C0FB6C297416E200B563BE /* Resources */,
			);
			buildRules = (
			);
			dependencies = (
			);
			name = ployz;
			packageProductDependencies = (
				A4C0FBA92974905700B563BE /* Alamofire */,
				A481A325297728E1002EF086 /* Kingfisher */,
			);
			productName = ployz;
			productReference = A4C0FB6E297416E200B563BE /* ployz.app */;
			productType = "com.apple.product-type.application";
		};
/* End PBXNativeTarget section */

/* Begin PBXProject section */
		A4C0FB66297416E100B563BE /* Project object */ = {
			isa = PBXProject;
			attributes = {
				BuildIndependentTargetsInParallel = 1;
				LastSwiftUpdateCheck = 1420;
				LastUpgradeCheck = 1420;
				TargetAttributes = {
					A4C0FB6D297416E200B563BE = {
						CreatedOnToolsVersion = 14.2;
					};
				};
			};
			buildConfigurationList = A4C0FB69297416E100B563BE /* Build configuration list for PBXProject "ployz" */;
			compatibilityVersion = "Xcode 14.0";
			developmentRegion = en;
			hasScannedForEncodings = 0;
			knownRegions = (
				en,
				Base,
			);
			mainGroup = A4C0FB65297416E100B563BE;
			packageReferences = (
				A4C0FBA82974905700B563BE /* XCRemoteSwiftPackageReference "Alamofire" */,
				A481A324297728E1002EF086 /* XCRemoteSwiftPackageReference "Kingfisher" */,
			);
			productRefGroup = A4C0FB6F297416E200B563BE /* Products */;
			projectDirPath = "";
			projectRoot = "";
			targets = (
				A4C0FB6D297416E200B563BE /* ployz */,
			);
		};
/* End PBXProject section */

/* Begin PBXResourcesBuildPhase section */
		A4C0FB6C297416E200B563BE /* Resources */ = {
			isa = PBXResourcesBuildPhase;
			buildActionMask = 2147483647;
			files = (
				A4C0FB81297416E300B563BE /* LaunchScreen.storyboard in Resources */,
				A4C0FB7E297416E300B563BE /* Assets.xcassets in Resources */,
				A4C0FB79297416E200B563BE /* Main.storyboard in Resources */,
				A4C0FBAE2974A16D00B563BE /* GamesTableViewCell.xib in Resources */,
			);
			runOnlyForDeploymentPostprocessing = 0;
		};
/* End PBXResourcesBuildPhase section */

/* Begin PBXSourcesBuildPhase section */
		A4C0FB6A297416E200B563BE /* Sources */ = {
			isa = PBXSourcesBuildPhase;
			buildActionMask = 2147483647;
			files = (
				A41ADBCE2978A15200EBB2E9 /* AppExtensions.swift in Sources */,
				A4C0FB92297435BD00B563BE /* HomepageViewController.swift in Sources */,
				A4C0FB7C297416E200B563BE /* ployz.xcdatamodeld in Sources */,
				A4C0FBA029747E7B00B563BE /* NetworkManager.swift in Sources */,
				A4C0FB94297435CB00B563BE /* HomepageViewModel.swift in Sources */,
				A41ADBC8297875B900EBB2E9 /* DetailsModel.swift in Sources */,
				A4C0FB9E297439EF00B563BE /* FavoritesViewModel.swift in Sources */,
				A41ADBCA297875CE00EBB2E9 /* DetailsViewController.swift in Sources */,
				A4C0FBAC297496FD00B563BE /* GamesTableViewCell.swift in Sources */,
				A4C0FB72297416E200B563BE /* AppDelegate.swift in Sources */,
				A4C0FB9C297439D300B563BE /* FavoritesView.swift in Sources */,
				A4C0FB74297416E200B563BE /* SceneDelegate.swift in Sources */,
				A41ADBCC297875FE00EBB2E9 /* DetailsViewModel.swift in Sources */,
				A4C0FB902974356A00B563BE /* HomepageModel.swift in Sources */,
				A4C0FB9A2974395100B563BE /* FavoritesModel.swift in Sources */,
			);
			runOnlyForDeploymentPostprocessing = 0;
		};
/* End PBXSourcesBuildPhase section */

/* Begin PBXVariantGroup section */
		A4C0FB77297416E200B563BE /* Main.storyboard */ = {
			isa = PBXVariantGroup;
			children = (
				A4C0FB78297416E200B563BE /* Base */,
			);
			name = Main.storyboard;
			sourceTree = "<group>";
		};
		A4C0FB7F297416E300B563BE /* LaunchScreen.storyboard */ = {
			isa = PBXVariantGroup;
			children = (
				A4C0FB80297416E300B563BE /* Base */,
			);
			name = LaunchScreen.storyboard;
			sourceTree = "<group>";
		};
/* End PBXVariantGroup section */

/* Begin XCBuildConfiguration section */
		A4C0FB83297416E300B563BE /* Debug */ = {
			isa = XCBuildConfiguration;
			buildSettings = {
				ALWAYS_SEARCH_USER_PATHS = NO;
				CLANG_ANALYZER_NONNULL = YES;
				CLANG_ANALYZER_NUMBER_OBJECT_CONVERSION = YES_AGGRESSIVE;
				CLANG_CXX_LANGUAGE_STANDARD = "gnu++20";
				CLANG_ENABLE_MODULES = YES;
				CLANG_ENABLE_OBJC_ARC = YES;
				CLANG_ENABLE_OBJC_WEAK = YES;
				CLANG_WARN_BLOCK_CAPTURE_AUTORELEASING = YES;
				CLANG_WARN_BOOL_CONVERSION = YES;
				CLANG_WARN_COMMA = YES;
				CLANG_WARN_CONSTANT_CONVERSION = YES;
				CLANG_WARN_DEPRECATED_OBJC_IMPLEMENTATIONS = YES;
				CLANG_WARN_DIRECT_OBJC_ISA_USAGE = YES_ERROR;
				CLANG_WARN_DOCUMENTATION_COMMENTS = YES;
				CLANG_WARN_EMPTY_BODY = YES;
				CLANG_WARN_ENUM_CONVERSION = YES;
				CLANG_WARN_INFINITE_RECURSION = YES;
				CLANG_WARN_INT_CONVERSION = YES;
				CLANG_WARN_NON_LITERAL_NULL_CONVERSION = YES;
				CLANG_WARN_OBJC_IMPLICIT_RETAIN_SELF = YES;
				CLANG_WARN_OBJC_LITERAL_CONVERSION = YES;
				CLANG_WARN_OBJC_ROOT_CLASS = YES_ERROR;
				CLANG_WARN_QUOTED_INCLUDE_IN_FRAMEWORK_HEADER = YES;
				CLANG_WARN_RANGE_LOOP_ANALYSIS = YES;
				CLANG_WARN_STRICT_PROTOTYPES = YES;
				CLANG_WARN_SUSPICIOUS_MOVE = YES;
				CLANG_WARN_UNGUARDED_AVAILABILITY = YES_AGGRESSIVE;
				CLANG_WARN_UNREACHABLE_CODE = YES;
				CLANG_WARN__DUPLICATE_METHOD_MATCH = YES;
				COPY_PHASE_STRIP = NO;
				DEBUG_INFORMATION_FORMAT = dwarf;
				ENABLE_STRICT_OBJC_MSGSEND = YES;
				ENABLE_TESTABILITY = YES;
				GCC_C_LANGUAGE_STANDARD = gnu11;
				GCC_DYNAMIC_NO_PIC = NO;
				GCC_NO_COMMON_BLOCKS = YES;
				GCC_OPTIMIZATION_LEVEL = 0;
				GCC_PREPROCESSOR_DEFINITIONS = (
					"DEBUG=1",
					"$(inherited)",
				);
				GCC_WARN_64_TO_32_BIT_CONVERSION = YES;
				GCC_WARN_ABOUT_RETURN_TYPE = YES_ERROR;
				GCC_WARN_UNDECLARED_SELECTOR = YES;
				GCC_WARN_UNINITIALIZED_AUTOS = YES_AGGRESSIVE;
				GCC_WARN_UNUSED_FUNCTION = YES;
				GCC_WARN_UNUSED_VARIABLE = YES;
				IPHONEOS_DEPLOYMENT_TARGET = 16.2;
				MTL_ENABLE_DEBUG_INFO = INCLUDE_SOURCE;
				MTL_FAST_MATH = YES;
				ONLY_ACTIVE_ARCH = YES;
				SDKROOT = iphoneos;
				SWIFT_ACTIVE_COMPILATION_CONDITIONS = DEBUG;
				SWIFT_OPTIMIZATION_LEVEL = "-Onone";
			};
			name = Debug;
		};
		A4C0FB84297416E300B563BE /* Release */ = {
			isa = XCBuildConfiguration;
			buildSettings = {
				ALWAYS_SEARCH_USER_PATHS = NO;
				CLANG_ANALYZER_NONNULL = YES;
				CLANG_ANALYZER_NUMBER_OBJECT_CONVERSION = YES_AGGRESSIVE;
				CLANG_CXX_LANGUAGE_STANDARD = "gnu++20";
				CLANG_ENABLE_MODULES = YES;
				CLANG_ENABLE_OBJC_ARC = YES;
				CLANG_ENABLE_OBJC_WEAK = YES;
				CLANG_WARN_BLOCK_CAPTURE_AUTORELEASING = YES;
				CLANG_WARN_BOOL_CONVERSION = YES;
				CLANG_WARN_COMMA = YES;
				CLANG_WARN_CONSTANT_CONVERSION = YES;
				CLANG_WARN_DEPRECATED_OBJC_IMPLEMENTATIONS = YES;
				CLANG_WARN_DIRECT_OBJC_ISA_USAGE = YES_ERROR;
				CLANG_WARN_DOCUMENTATION_COMMENTS = YES;
				CLANG_WARN_EMPTY_BODY = YES;
				CLANG_WARN_ENUM_CONVERSION = YES;
				CLANG_WARN_INFINITE_RECURSION = YES;
				CLANG_WARN_INT_CONVERSION = YES;
				CLANG_WARN_NON_LITERAL_NULL_CONVERSION = YES;
				CLANG_WARN_OBJC_IMPLICIT_RETAIN_SELF = YES;
				CLANG_WARN_OBJC_LITERAL_CONVERSION = YES;
				CLANG_WARN_OBJC_ROOT_CLASS = YES_ERROR;
				CLANG_WARN_QUOTED_INCLUDE_IN_FRAMEWORK_HEADER = YES;
				CLANG_WARN_RANGE_LOOP_ANALYSIS = YES;
				CLANG_WARN_STRICT_PROTOTYPES = YES;
				CLANG_WARN_SUSPICIOUS_MOVE = YES;
				CLANG_WARN_UNGUARDED_AVAILABILITY = YES_AGGRESSIVE;
				CLANG_WARN_UNREACHABLE_CODE = YES;
				CLANG_WARN__DUPLICATE_METHOD_MATCH = YES;
				COPY_PHASE_STRIP = NO;
				DEBUG_INFORMATION_FORMAT = "dwarf-with-dsym";
				ENABLE_NS_ASSERTIONS = NO;
				ENABLE_STRICT_OBJC_MSGSEND = YES;
				GCC_C_LANGUAGE_STANDARD = gnu11;
				GCC_NO_COMMON_BLOCKS = YES;
				GCC_WARN_64_TO_32_BIT_CONVERSION = YES;
				GCC_WARN_ABOUT_RETURN_TYPE = YES_ERROR;
				GCC_WARN_UNDECLARED_SELECTOR = YES;
				GCC_WARN_UNINITIALIZED_AUTOS = YES_AGGRESSIVE;
				GCC_WARN_UNUSED_FUNCTION = YES;
				GCC_WARN_UNUSED_VARIABLE = YES;
				IPHONEOS_DEPLOYMENT_TARGET = 16.2;
				MTL_ENABLE_DEBUG_INFO = NO;
				MTL_FAST_MATH = YES;
				SDKROOT = iphoneos;
				SWIFT_COMPILATION_MODE = wholemodule;
				SWIFT_OPTIMIZATION_LEVEL = "-O";
				VALIDATE_PRODUCT = YES;
			};
			name = Release;
		};
		A4C0FB86297416E300B563BE /* Debug */ = {
			isa = XCBuildConfiguration;
			buildSettings = {
				ASSETCATALOG_COMPILER_APPICON_NAME = AppIcon;
				ASSETCATALOG_COMPILER_GLOBAL_ACCENT_COLOR_NAME = AccentColor;
				CODE_SIGN_STYLE = Automatic;
				CURRENT_PROJECT_VERSION = 1;
				DEVELOPMENT_TEAM = 8L6Q7426QV;
				GENERATE_INFOPLIST_FILE = YES;
				INFOPLIST_FILE = ployz/Info.plist;
				INFOPLIST_KEY_CFBundleDisplayName = Ployz;
				INFOPLIST_KEY_LSApplicationCategoryType = "public.app-category.books";
				INFOPLIST_KEY_UIApplicationSupportsIndirectInputEvents = YES;
				INFOPLIST_KEY_UILaunchStoryboardName = LaunchScreen;
				INFOPLIST_KEY_UIMainStoryboardFile = Main;
				INFOPLIST_KEY_UISupportedInterfaceOrientations_iPad = "UIInterfaceOrientationPortrait UIInterfaceOrientationPortraitUpsideDown UIInterfaceOrientationLandscapeLeft UIInterfaceOrientationLandscapeRight";
				INFOPLIST_KEY_UISupportedInterfaceOrientations_iPhone = "UIInterfaceOrientationPortrait UIInterfaceOrientationLandscapeLeft UIInterfaceOrientationLandscapeRight";
				LD_RUNPATH_SEARCH_PATHS = (
					"$(inherited)",
					"@executable_path/Frameworks",
				);
				MARKETING_VERSION = 1.0;
				PRODUCT_BUNDLE_IDENTIFIER = com.mchtter.ployz;
				PRODUCT_NAME = "$(TARGET_NAME)";
				SWIFT_EMIT_LOC_STRINGS = YES;
				SWIFT_VERSION = 5.0;
				TARGETED_DEVICE_FAMILY = "1,2";
			};
			name = Debug;
		};
		A4C0FB87297416E300B563BE /* Release */ = {
			isa = XCBuildConfiguration;
			buildSettings = {
				ASSETCATALOG_COMPILER_APPICON_NAME = AppIcon;
				ASSETCATALOG_COMPILER_GLOBAL_ACCENT_COLOR_NAME = AccentColor;
				CODE_SIGN_STYLE = Automatic;
				CURRENT_PROJECT_VERSION = 1;
				DEVELOPMENT_TEAM = 8L6Q7426QV;
				GENERATE_INFOPLIST_FILE = YES;
				INFOPLIST_FILE = ployz/Info.plist;
				INFOPLIST_KEY_CFBundleDisplayName = Ployz;
				INFOPLIST_KEY_LSApplicationCategoryType = "public.app-category.books";
				INFOPLIST_KEY_UIApplicationSupportsIndirectInputEvents = YES;
				INFOPLIST_KEY_UILaunchStoryboardName = LaunchScreen;
				INFOPLIST_KEY_UIMainStoryboardFile = Main;
				INFOPLIST_KEY_UISupportedInterfaceOrientations_iPad = "UIInterfaceOrientationPortrait UIInterfaceOrientationPortraitUpsideDown UIInterfaceOrientationLandscapeLeft UIInterfaceOrientationLandscapeRight";
				INFOPLIST_KEY_UISupportedInterfaceOrientations_iPhone = "UIInterfaceOrientationPortrait UIInterfaceOrientationLandscapeLeft UIInterfaceOrientationLandscapeRight";
				LD_RUNPATH_SEARCH_PATHS = (
					"$(inherited)",
					"@executable_path/Frameworks",
				);
				MARKETING_VERSION = 1.0;
				PRODUCT_BUNDLE_IDENTIFIER = com.mchtter.ployz;
				PRODUCT_NAME = "$(TARGET_NAME)";
				SWIFT_EMIT_LOC_STRINGS = YES;
				SWIFT_VERSION = 5.0;
				TARGETED_DEVICE_FAMILY = "1,2";
			};
			name = Release;
		};
/* End XCBuildConfiguration section */

/* Begin XCConfigurationList section */
		A4C0FB69297416E100B563BE /* Build configuration list for PBXProject "ployz" */ = {
			isa = XCConfigurationList;
			buildConfigurations = (
				A4C0FB83297416E300B563BE /* Debug */,
				A4C0FB84297416E300B563BE /* Release */,
			);
			defaultConfigurationIsVisible = 0;
			defaultConfigurationName = Release;
		};
		A4C0FB85297416E300B563BE /* Build configuration list for PBXNativeTarget "ployz" */ = {
			isa = XCConfigurationList;
			buildConfigurations = (
				A4C0FB86297416E300B563BE /* Debug */,
				A4C0FB87297416E300B563BE /* Release */,
			);
			defaultConfigurationIsVisible = 0;
			defaultConfigurationName = Release;
		};
/* End XCConfigurationList section */

/* Begin XCRemoteSwiftPackageReference section */
		A481A324297728E1002EF086 /* XCRemoteSwiftPackageReference "Kingfisher" */ = {
			isa = XCRemoteSwiftPackageReference;
			repositoryURL = "https://github.com/onevcat/Kingfisher";
			requirement = {
				kind = upToNextMajorVersion;
				minimumVersion = 7.0.0;
			};
		};
		A4C0FBA82974905700B563BE /* XCRemoteSwiftPackageReference "Alamofire" */ = {
			isa = XCRemoteSwiftPackageReference;
			repositoryURL = "https://github.com/Alamofire/Alamofire";
			requirement = {
				kind = upToNextMajorVersion;
				minimumVersion = 5.0.0;
			};
		};
/* End XCRemoteSwiftPackageReference section */

/* Begin XCSwiftPackageProductDependency section */
		A481A325297728E1002EF086 /* Kingfisher */ = {
			isa = XCSwiftPackageProductDependency;
			package = A481A324297728E1002EF086 /* XCRemoteSwiftPackageReference "Kingfisher" */;
			productName = Kingfisher;
		};
		A4C0FBA92974905700B563BE /* Alamofire */ = {
			isa = XCSwiftPackageProductDependency;
			package = A4C0FBA82974905700B563BE /* XCRemoteSwiftPackageReference "Alamofire" */;
			productName = Alamofire;
		};
/* End XCSwiftPackageProductDependency section */

/* Begin XCVersionGroup section */
		A4C0FB7A297416E200B563BE /* ployz.xcdatamodeld */ = {
			isa = XCVersionGroup;
			children = (
				A4C0FB7B297416E200B563BE /* ployz.xcdatamodel */,
			);
			currentVersion = A4C0FB7B297416E200B563BE /* ployz.xcdatamodel */;
			path = ployz.xcdatamodeld;
			sourceTree = "<group>";
			versionGroupType = wrapper.xcdatamodel;
		};
/* End XCVersionGroup section */
	};
	rootObject = A4C0FB66297416E100B563BE /* Project object */;
}
